
Microsoft Visual Studio Solution File, Format Version 12.00
# Visual Studio Version 17
VisualStudioVersion = 17.9.34728.123
MinimumVisualStudioVersion = 10.0.40219.1
Project("{FAE04EC0-301F-11D3-BF4B-00C04F79EFBC}") = "LoginPageFinak", "LoginPageFinak\LoginPageFinak.csproj", "{ED9328E8-D6E9-4320-AFCC-458804062F24}"
EndProject
Global
	GlobalSection(SolutionConfigurationPlatforms) = preSolution
		Debug|Any CPU = Debug|Any CPU
		Release|Any CPU = Release|Any CPU
	EndGlobalSection
	GlobalSection(ProjectConfigurationPlatforms) = postSolution
		{ED9328E8-D6E9-4320-AFCC-458804062F24}.Debug|Any CPU.ActiveCfg = Debug|Any CPU
		{ED9328E8-D6E9-4320-AFCC-458804062F24}.Debug|Any CPU.Build.0 = Debug|Any CPU
		{ED9328E8-D6E9-4320-AFCC-458804062F24}.Release|Any CPU.ActiveCfg = Release|Any CPU
		{ED9328E8-D6E9-4320-AFCC-458804062F24}.Release|Any CPU.Build.0 = Release|Any CPU
	EndGlobalSection
	GlobalSection(SolutionProperties) = preSolution
		HideSolutionNode = FALSE
	EndGlobalSection
	GlobalSection(ExtensibilityGlobals) = postSolution
		SolutionGuid = {621D4F8D-DC20-4807-81A2-C8986D7EE28B}
	EndGlobalSection
EndGlobal
